
Microsoft Visual Studio Solution File, Format Version 12.00
# Visual Studio 2017
Project("{FAE04EC0-301F-11D3-BF4B-00C04F79EFBC}") = "IAJ Pathfinding 4", "IAJ Pathfinding 4.csproj", "{7F4213C8-1CD9-F0C2-E413-B9A74BB65DD2}"
EndProject
Project("{FAE04EC0-301F-11D3-BF4B-00C04F79EFBC}") = "IAJ Pathfinding 4.Editor", "IAJ Pathfinding 4.Editor.csproj", "{75557D68-1F87-80D9-518D-308C35168C0A}"
EndProject
Global
	GlobalSection(SolutionConfigurationPlatforms) = preSolution
		Debug|Any CPU = Debug|Any CPU
		Release|Any CPU = Release|Any CPU
	EndGlobalSection
	GlobalSection(ProjectConfigurationPlatforms) = postSolution
		{7F4213C8-1CD9-F0C2-E413-B9A74BB65DD2}.Debug|Any CPU.ActiveCfg = Debug|Any CPU
		{7F4213C8-1CD9-F0C2-E413-B9A74BB65DD2}.Debug|Any CPU.Build.0 = Debug|Any CPU
		{7F4213C8-1CD9-F0C2-E413-B9A74BB65DD2}.Release|Any CPU.ActiveCfg = Release|Any CPU
		{7F4213C8-1CD9-F0C2-E413-B9A74BB65DD2}.Release|Any CPU.Build.0 = Release|Any CPU
		{75557D68-1F87-80D9-518D-308C35168C0A}.Debug|Any CPU.ActiveCfg = Debug|Any CPU
		{75557D68-1F87-80D9-518D-308C35168C0A}.Debug|Any CPU.Build.0 = Debug|Any CPU
		{75557D68-1F87-80D9-518D-308C35168C0A}.Release|Any CPU.ActiveCfg = Release|Any CPU
		{75557D68-1F87-80D9-518D-308C35168C0A}.Release|Any CPU.Build.0 = Release|Any CPU
	EndGlobalSection
	GlobalSection(SolutionProperties) = preSolution
		HideSolutionNode = FALSE
	EndGlobalSection
EndGlobal
